{
  "name": "@vinary-tree/liblevenshtein",
  "version": "4.0.0-rc.6",
  "lockfileVersion": 3,
  "requires": true,
  "packages": {
    "": {
      "name": "@vinary-tree/liblevenshtein",
      "version": "4.0.0-rc.6",
      "license": "Apache-2.0",
      "dependencies": {
        "@vinary-tree/vinary-tree-interop": "4.0.0-rc.6",
        "@vinary-tree/javascript-runtime": "4.0.0-rc.6"
      },
      "devDependencies": {
        "@vinary-tree/libdictenstein": "file:../../../libdictenstein/bindings/javascript"
      },
      "engines": {
        "node": ">=22.14"
      }
    },
    "../../../javascript-runtime": {
      "name": "@vinary-tree/javascript-runtime",
      "version": "4.0.0-rc.6",
      "license": "Apache-2.0",
      "dependencies": {
        "@vinary-tree/vinary-tree-interop": "4.0.0-rc.6"
      },
      "devDependencies": {
        "node-gyp": "13.0.1"
      },
      "engines": {
        "node": ">=22.14"
      }
    },
    "../../../libdictenstein/bindings/javascript": {
      "name": "@vinary-tree/libdictenstein",
      "version": "4.0.0-rc.6",
      "dev": true,
      "license": "Apache-2.0",
      "dependencies": {
        "@vinary-tree/vinary-tree-interop": "4.0.0-rc.6",
        "@vinary-tree/javascript-runtime": "4.0.0-rc.6"
      },
      "bin": {
        "libdictenstein-collection-profile": "bin/libdictenstein-collection-profile.mjs"
      },
      "engines": {
        "node": ">=22.14"
      }
    },
    "../../../libdictenstein/bindings/javascript/node_modules/@vinary-tree/vinary-tree-interop": {
      "resolved": "../../../vinary-tree-interop/bindings/javascript",
      "link": true
    },
    "../../../libdictenstein/bindings/javascript/node_modules/@vinary-tree/javascript-runtime": {
      "resolved": "../../../javascript-runtime",
      "link": true
    },
    "../../../vinary-tree-interop/bindings/javascript": {
      "name": "@vinary-tree/vinary-tree-interop",
      "version": "4.0.0-rc.6",
      "license": "Apache-2.0",
      "engines": {
        "node": ">=22.14"
      }
    },
    "node_modules/@vinary-tree/vinary-tree-interop": {
      "resolved": "../../../vinary-tree-interop/bindings/javascript",
      "link": true
    },
    "node_modules/@vinary-tree/libdictenstein": {
      "resolved": "../../../libdictenstein/bindings/javascript",
      "link": true
    },
    "node_modules/@vinary-tree/javascript-runtime": {
      "resolved": "../../../javascript-runtime",
      "link": true
    }
  }
}
